PODS:
  - Clarifai-Apple-SDK (3.0.0)

DEPENDENCIES:
  - Clarifai-Apple-SDK (~> 3.0.0)

SPEC REPOS:
  https://github.com/cocoapods/specs.git:
    - Clarifai-Apple-SDK

SPEC CHECKSUMS:
  Clarifai-Apple-SDK: e01b3b9e5b55d618bdbec9f80d9bae39c291bdb7

PODFILE CHECKSUM: a143cdd833e7b5e42e6331c6335b50f3104672c5

COCOAPODS: 1.6.1
