PODS:
  - SQLite.swift (0.11.6):
    - SQLite.swift/standard (= 0.11.6)
  - SQLite.swift/standard (0.11.6)

DEPENDENCIES:
  - SQLite.swift (~> 0.11.6)

SPEC REPOS:
  https://github.com/cocoapods/specs.git:
    - SQLite.swift

SPEC CHECKSUMS:
  SQLite.swift: 46d890be8601964454bd3392527f863d1b802d45

PODFILE CHECKSUM: 882aca5b7af864096678ae530bc01b04217665a3

COCOAPODS: 1.6.1
